
Microsoft Visual Studio Solution File, Format Version 12.00
# Visual Studio Version 16
VisualStudioVersion = 16.0.29009.5
MinimumVisualStudioVersion = 10.0.40219.1
Project("{FAE04EC0-301F-11D3-BF4B-00C04F79EFBC}") = "Transformalize.Transform.Metadata", "src\Transformalize.Transform.Metadata\Transformalize.Transform.Metadata.csproj", "{697DC884-DEBE-4B84-A4DD-B290D764F749}"
EndProject
Project("{FAE04EC0-301F-11D3-BF4B-00C04F79EFBC}") = "Test.Unit", "src\Test.Unit\Test.Unit.csproj", "{A6B9329B-48F5-4B4A-A731-AE426D5F1449}"
EndProject
Global
	GlobalSection(SolutionConfigurationPlatforms) = preSolution
		Debug|Any CPU = Debug|Any CPU
		Release|Any CPU = Release|Any CPU
	EndGlobalSection
	GlobalSection(ProjectConfigurationPlatforms) = postSolution
		{697DC884-DEBE-4B84-A4DD-B290D764F749}.Debug|Any CPU.ActiveCfg = Debug|Any CPU
		{697DC884-DEBE-4B84-A4DD-B290D764F749}.Debug|Any CPU.Build.0 = Debug|Any CPU
		{697DC884-DEBE-4B84-A4DD-B290D764F749}.Release|Any CPU.ActiveCfg = Release|Any CPU
		{697DC884-DEBE-4B84-A4DD-B290D764F749}.Release|Any CPU.Build.0 = Release|Any CPU
		{A6B9329B-48F5-4B4A-A731-AE426D5F1449}.Debug|Any CPU.ActiveCfg = Debug|Any CPU
		{A6B9329B-48F5-4B4A-A731-AE426D5F1449}.Debug|Any CPU.Build.0 = Debug|Any CPU
		{A6B9329B-48F5-4B4A-A731-AE426D5F1449}.Release|Any CPU.ActiveCfg = Release|Any CPU
		{A6B9329B-48F5-4B4A-A731-AE426D5F1449}.Release|Any CPU.Build.0 = Release|Any CPU
	EndGlobalSection
	GlobalSection(SolutionProperties) = preSolution
		HideSolutionNode = FALSE
	EndGlobalSection
	GlobalSection(ExtensibilityGlobals) = postSolution
		SolutionGuid = {4E848B63-A482-4417-A213-BFCC4B33DD15}
	EndGlobalSection
EndGlobal
